<?xml version="1.0" encoding="utf-8"?>
<Project ToolsVersion="4.0" xmlns="http://schemas.microsoft.com/developer/msbuild/2003">
  <ItemGroup>
    <Filter Include="Source Files">
      <UniqueIdentifier>{4FC737F1-C7A5-4376-A066-2A32D752A2FF}</UniqueIdentifier>
      <Extensions>cpp;c;cc;cxx;def;odl;idl;hpj;bat;asm;asmx</Extensions>
    </Filter>
    <Filter Include="Header Files">
      <UniqueIdentifier>{93995380-89BD-4b04-88EB-625FBE52EBFB}</UniqueIdentifier>
      <Extensions>h;hh;hpp;hxx;hm;inl;inc;xsd</Extensions>
    </Filter>
    <Filter Include="Resource Files">
      <UniqueIdentifier>{67DA6AB6-F800-4c08-8B7A-83BB121AAD01}</UniqueIdentifier>
      <Extensions>rc;ico;cur;bmp;dlg;rc2;rct;bin;rgs;gif;jpg;jpeg;jpe;resx;tiff;tif;png;wav;mfcribbon-ms</Extensions>
    </Filter>
    <Filter Include="Source Files\Framework">
      <UniqueIdentifier>{67c155d5-8e9b-433e-9133-45ebc3240315}</UniqueIdentifier>
    </Filter>
    <Filter Include="Header Files\Framework">
      <UniqueIdentifier>{62e979c9-20d0-435c-a295-97c0092a265b}</UniqueIdentifier>
    </Filter>
    <Filter Include="Header Files\Level">
      <UniqueIdentifier>{ceeb12a8-55dd-4c50-89f0-e1e5cb5d42e1}</UniqueIdentifier>
    </Filter>
    <Filter Include="Source Files\Level">
      <UniqueIdentifier>{37c87aac-22da-4b4e-a99e-61284fa4d1a5}</UniqueIdentifier>
    </Filter>
    <Filter Include="Header Files\Game State">
      <UniqueIdentifier>{7cc4f893-ec8b-4c97-8488-e9d9352931f1}</UniqueIdentifier>
    </Filter>
    <Filter Include="Source Files\Game State">
      <UniqueIdentifier>{11812b23-0dc2-42fb-a54d-cf7d98b1a2b4}</UniqueIdentifier>
    </Filter>
    <Filter Include="Header Files\Level\Items">
      <UniqueIdentifier>{0021ae23-15ae-4ef0-a0eb-1ab271d63441}</UniqueIdentifier>
    </Filter>
    <Filter Include="Source Files\Level\Items">
      <UniqueIdentifier>{d8c361e6-d6a3-4e8e-a197-95758d1c00c0}</UniqueIdentifier>
    </Filter>
    <Filter Include="Header Files\Screen">
      <UniqueIdentifier>{27bab7d4-cbbc-4299-ab2d-4e8241cfe91e}</UniqueIdentifier>
    </Filter>
    <Filter Include="Source Files\Screen">
      <UniqueIdentifier>{0a8ec6d6-1419-4982-8832-ceb8907421d9}</UniqueIdentifier>
    </Filter>
    <Filter Include="Header Files\AI">
      <UniqueIdentifier>{5b7ed38a-b048-4cf8-95c4-e53dde296b42}</UniqueIdentifier>
    </Filter>
    <Filter Include="Source Files\AI">
      <UniqueIdentifier>{800c93bd-8151-4029-b37c-3b243e03e352}</UniqueIdentifier>
    </Filter>
    <Filter Include="Source Files\Framework\Sprite/Shader">
      <UniqueIdentifier>{dbcf3b2c-7e30-41e0-a0cd-99ee5e1d61d3}</UniqueIdentifier>
    </Filter>
    <Filter Include="Header Files\Framework\Sprite/Shader">
      <UniqueIdentifier>{6342a27d-4745-4480-8c27-b0d46a949b52}</UniqueIdentifier>
    </Filter>
  </ItemGroup>
  <ItemGroup>
    <ClCompile Include="Main.cpp">
      <Filter>Source Files</Filter>
    </ClCompile>
    <ClCompile Include="GraphicsInterface.cpp">
      <Filter>Source Files\Framework</Filter>
    </ClCompile>
    <ClCompile Include="KeyboardBase.cpp">
      <Filter>Source Files\Framework</Filter>
    </ClCompile>
    <ClCompile Include="Mouse.cpp">
      <Filter>Source Files\Framework</Filter>
    </ClCompile>
    <ClCompile Include="Viewport.cpp">
      <Filter>Source Files\Framework</Filter>
    </ClCompile>
    <ClCompile Include="SpriteManager.cpp">
      <Filter>Source Files\Framework\Sprite/Shader</Filter>
    </ClCompile>
    <ClCompile Include="Sprite.cpp">
      <Filter>Source Files\Framework\Sprite/Shader</Filter>
    </ClCompile>
    <ClCompile Include="Shader.cpp">
      <Filter>Source Files\Framework\Sprite/Shader</Filter>
    </ClCompile>
    <ClCompile Include="ShaderContainer.cpp">
      <Filter>Source Files\Framework\Sprite/Shader</Filter>
    </ClCompile>
    <ClCompile Include="ShaderParamTexture.cpp">
      <Filter>Source Files\Framework\Sprite/Shader</Filter>
    </ClCompile>
    <ClCompile Include="Font.cpp">
      <Filter>Source Files\Framework</Filter>
    </ClCompile>
    <ClCompile Include="Line.cpp">
      <Filter>Source Files\Framework</Filter>
    </ClCompile>
    <ClCompile Include="AuxMath.cpp">
      <Filter>Source Files\Framework</Filter>
    </ClCompile>
    <ClCompile Include="Tilemap.cpp">
      <Filter>Source Files\Level</Filter>
    </ClCompile>
    <ClCompile Include="Tile.cpp">
      <Filter>Source Files\Level</Filter>
    </ClCompile>
    <ClCompile Include="Unit.cpp">
      <Filter>Source Files\Level</Filter>
    </ClCompile>
    <ClCompile Include="AnimatedSprite.cpp">
      <Filter>Source Files\Framework\Sprite/Shader</Filter>
    </ClCompile>
    <ClCompile Include="GameState.cpp">
      <Filter>Source Files\Game State</Filter>
    </ClCompile>
    <ClCompile Include="GameStateMap.cpp">
      <Filter>Source Files\Game State</Filter>
    </ClCompile>
    <ClCompile Include="GameStateActionMenu.cpp">
      <Filter>Source Files\Game State</Filter>
    </ClCompile>
    <ClCompile Include="GameStateSelectAttack.cpp">
      <Filter>Source Files\Game State</Filter>
    </ClCompile>
    <ClCompile Include="GameStateStatusMenu.cpp">
      <Filter>Source Files\Game State</Filter>
    </ClCompile>
    <ClCompile Include="GameStateCombat.cpp">
      <Filter>Source Files\Game State</Filter>
    </ClCompile>
    <ClCompile Include="Weapon.cpp">
      <Filter>Source Files\Level\Items</Filter>
    </ClCompile>
    <ClCompile Include="Potion.cpp">
      <Filter>Source Files\Level\Items</Filter>
    </ClCompile>
    <ClCompile Include="GameStateTrade.cpp">
      <Filter>Source Files\Game State</Filter>
    </ClCompile>
    <ClCompile Include="UnitClass.cpp">
      <Filter>Source Files\Level</Filter>
    </ClCompile>
    <ClCompile Include="Utility.cpp">
      <Filter>Source Files</Filter>
    </ClCompile>
    <ClCompile Include="ShaderNoParam.cpp">
      <Filter>Source Files\Framework\Sprite/Shader</Filter>
    </ClCompile>
    <ClCompile Include="GameStateOptionsMenu.cpp">
      <Filter>Source Files\Game State</Filter>
    </ClCompile>
    <ClCompile Include="Screen.cpp">
      <Filter>Source Files\Screen</Filter>
    </ClCompile>
    <ClCompile Include="ScreenLevel.cpp">
      <Filter>Source Files\Screen</Filter>
    </ClCompile>
    <ClCompile Include="Medicine.cpp">
      <Filter>Source Files\Level\Items</Filter>
    </ClCompile>
    <ClCompile Include="GameStateSelectHeal.cpp">
      <Filter>Source Files\Game State</Filter>
    </ClCompile>
    <ClCompile Include="GameStateLevelUp.cpp">
      <Filter>Source Files\Game State</Filter>
    </ClCompile>
    <ClCompile Include="Game.cpp">
      <Filter>Source Files</Filter>
    </ClCompile>
    <ClCompile Include="GameStateEnemy.cpp">
      <Filter>Source Files\AI</Filter>
    </ClCompile>
  </ItemGroup>
  <ItemGroup>
    <ClInclude Include="Game.h">
      <Filter>Header Files</Filter>
    </ClInclude>
    <ClInclude Include="GraphicsInterface.h">
      <Filter>Header Files\Framework</Filter>
    </ClInclude>
    <ClInclude Include="KeyboardBase.h">
      <Filter>Header Files\Framework</Filter>
    </ClInclude>
    <ClInclude Include="Mouse.h">
      <Filter>Header Files\Framework</Filter>
    </ClInclude>
    <ClInclude Include="VectorMath2D.h">
      <Filter>Header Files\Framework</Filter>
    </ClInclude>
    <ClInclude Include="Viewport.h">
      <Filter>Header Files\Framework</Filter>
    </ClInclude>
    <ClInclude Include="Sprite.h">
      <Filter>Header Files\Framework\Sprite/Shader</Filter>
    </ClInclude>
    <ClInclude Include="SpriteManager.h">
      <Filter>Header Files\Framework\Sprite/Shader</Filter>
    </ClInclude>
    <ClInclude Include="Shader.h">
      <Filter>Header Files\Framework\Sprite/Shader</Filter>
    </ClInclude>
    <ClInclude Include="ShaderContainer.h">
      <Filter>Header Files\Framework\Sprite/Shader</Filter>
    </ClInclude>
    <ClInclude Include="ShaderParamTexture.h">
      <Filter>Header Files\Framework\Sprite/Shader</Filter>
    </ClInclude>
    <ClInclude Include="Rectangle.h">
      <Filter>Header Files\Framework</Filter>
    </ClInclude>
    <ClInclude Include="KeyboardDefines.h">
      <Filter>Header Files\Framework</Filter>
    </ClInclude>
    <ClInclude Include="Circle.h">
      <Filter>Header Files\Framework</Filter>
    </ClInclude>
    <ClInclude Include="Font.h">
      <Filter>Header Files\Framework</Filter>
    </ClInclude>
    <ClInclude Include="Line.h">
      <Filter>Header Files\Framework</Filter>
    </ClInclude>
    <ClInclude Include="AuxMath.h">
      <Filter>Header Files\Framework</Filter>
    </ClInclude>
    <ClInclude Include="Extras.h">
      <Filter>Header Files\Framework</Filter>
    </ClInclude>
    <ClInclude Include="Tilemap.h">
      <Filter>Header Files\Level</Filter>
    </ClInclude>
    <ClInclude Include="Tile.h">
      <Filter>Header Files\Level</Filter>
    </ClInclude>
    <ClInclude Include="Unit.h">
      <Filter>Header Files\Level</Filter>
    </ClInclude>
    <ClInclude Include="LevelDefines.h">
      <Filter>Header Files\Level</Filter>
    </ClInclude>
    <ClInclude Include="AnimatedSprite.h">
      <Filter>Header Files\Framework\Sprite/Shader</Filter>
    </ClInclude>
    <ClInclude Include="GameState.h">
      <Filter>Header Files\Game State</Filter>
    </ClInclude>
    <ClInclude Include="GameStateMap.h">
      <Filter>Header Files\Game State</Filter>
    </ClInclude>
    <ClInclude Include="GameStateSelectAttack.h">
      <Filter>Header Files\Game State</Filter>
    </ClInclude>
    <ClInclude Include="GameStateActionMenu.h">
      <Filter>Header Files\Game State</Filter>
    </ClInclude>
    <ClInclude Include="GameStateStatusMenu.h">
      <Filter>Header Files\Game State</Filter>
    </ClInclude>
    <ClInclude Include="GameStateCombat.h">
      <Filter>Header Files\Game State</Filter>
    </ClInclude>
    <ClInclude Include="Item.h">
      <Filter>Header Files\Level\Items</Filter>
    </ClInclude>
    <ClInclude Include="Weapon.h">
      <Filter>Header Files\Level\Items</Filter>
    </ClInclude>
    <ClInclude Include="Potion.h">
      <Filter>Header Files\Level\Items</Filter>
    </ClInclude>
    <ClInclude Include="GameStateTrade.h">
      <Filter>Header Files\Game State</Filter>
    </ClInclude>
    <ClInclude Include="UnitClass.h">
      <Filter>Header Files\Level</Filter>
    </ClInclude>
    <ClInclude Include="SFLine.h">
      <Filter>Header Files\Framework</Filter>
    </ClInclude>
    <ClInclude Include="Utility.h">
      <Filter>Header Files</Filter>
    </ClInclude>
    <ClInclude Include="ShaderNoParam.h">
      <Filter>Header Files\Framework\Sprite/Shader</Filter>
    </ClInclude>
    <ClInclude Include="GameStateOptionsMenu.h">
      <Filter>Header Files\Game State</Filter>
    </ClInclude>
    <ClInclude Include="Screen.h">
      <Filter>Header Files\Screen</Filter>
    </ClInclude>
    <ClInclude Include="ScreenLevel.h">
      <Filter>Header Files\Screen</Filter>
    </ClInclude>
    <ClInclude Include="Medicine.h">
      <Filter>Header Files\Level\Items</Filter>
    </ClInclude>
    <ClInclude Include="GameStateSelectHeal.h">
      <Filter>Header Files\Game State</Filter>
    </ClInclude>
    <ClInclude Include="GameStateLevelUp.h">
      <Filter>Header Files\Game State</Filter>
    </ClInclude>
    <ClInclude Include="GameStateEnemy.h">
      <Filter>Header Files\AI</Filter>
    </ClInclude>
  </ItemGroup>
</Project>